
Microsoft Visual Studio Solution File, Format Version 12.00
# Visual Studio Version 16
VisualStudioVersion = 16.0.30204.135
MinimumVisualStudioVersion = 10.0.40219.1
Project("{9A19103F-16F7-4668-BE54-9A1E7A4F7556}") = "AoC2021", "AoC2021\AoC2021.csproj", "{3C5E1547-92BB-4371-AA3E-5F2F0C3C1214}"
EndProject
Project("{FAE04EC0-301F-11D3-BF4B-00C04F79EFBC}") = "AoC2021Test", "AoC2021Test\AoC2021Test.csproj", "{9F212639-3ECB-4B66-9EEB-08E90240B28B}"
EndProject
Global
	GlobalSection(SolutionConfigurationPlatforms) = preSolution
		Debug|Any CPU = Debug|Any CPU
		Release|Any CPU = Release|Any CPU
	EndGlobalSection
	GlobalSection(ProjectConfigurationPlatforms) = postSolution
		{3C5E1547-92BB-4371-AA3E-5F2F0C3C1214}.Debug|Any CPU.ActiveCfg = Debug|Any CPU
		{3C5E1547-92BB-4371-AA3E-5F2F0C3C1214}.Debug|Any CPU.Build.0 = Debug|Any CPU
		{3C5E1547-92BB-4371-AA3E-5F2F0C3C1214}.Release|Any CPU.ActiveCfg = Release|Any CPU
		{3C5E1547-92BB-4371-AA3E-5F2F0C3C1214}.Release|Any CPU.Build.0 = Release|Any CPU
		{9F212639-3ECB-4B66-9EEB-08E90240B28B}.Debug|Any CPU.ActiveCfg = Debug|Any CPU
		{9F212639-3ECB-4B66-9EEB-08E90240B28B}.Debug|Any CPU.Build.0 = Debug|Any CPU
		{9F212639-3ECB-4B66-9EEB-08E90240B28B}.Release|Any CPU.ActiveCfg = Release|Any CPU
		{9F212639-3ECB-4B66-9EEB-08E90240B28B}.Release|Any CPU.Build.0 = Release|Any CPU
	EndGlobalSection
	GlobalSection(SolutionProperties) = preSolution
		HideSolutionNode = FALSE
	EndGlobalSection
	GlobalSection(ExtensibilityGlobals) = postSolution
		SolutionGuid = {8BAAE344-A4E3-431E-852D-DA8367EECC85}
	EndGlobalSection
EndGlobal
